{
  "name": "coinbase",
  "version": "2.0.6",
  "lockfileVersion": 1,
  "dependencies": {
    "nsp": {
      "version": "2.6.3",
      "resolved": "https://registry.npmjs.org/nsp/-/nsp-2.6.3.tgz",
      "integrity": "sha1-2wUDWVPNoqs6Vx7oL6uE9MsIHRc=",
      "dev": true,
      "dependencies": {
        "chalk": {
          "version": "1.1.3",
          "resolved": "https://registry.npmjs.org/chalk/-/chalk-1.1.3.tgz",
          "integrity": "sha1-qBFcVeSnAv5NFQq9OHKCKn4J/Jg=",
          "dev": true,
          "dependencies": {
            "ansi-styles": {
              "version": "2.2.1",
              "resolved": "https://registry.npmjs.org/ansi-styles/-/ansi-styles-2.2.1.tgz",
              "integrity": "sha1-tDLdM1i2NM914eRmQ2gkBTPB3b4=",
              "dev": true
            },
            "escape-string-regexp": {
              "version": "1.0.5",
              "resolved": "https://registry.npmjs.org/escape-string-regexp/-/escape-string-regexp-1.0.5.tgz",
              "integrity": "sha1-G2HAViGQqN/2rjuyzwIAyhMLhtQ=",
              "dev": true
            },
            "has-ansi": {
              "version": "2.0.0",
              "resolved": "https://registry.npmjs.org/has-ansi/-/has-ansi-2.0.0.tgz",
              "integrity": "sha1-NPUEnOHs3ysGSa8+8k5F7TVBbZE=",
              "dev": true,
              "dependencies": {
                "ansi-regex": {
                  "version": "2.0.0",
                  "resolved": "https://registry.npmjs.org/ansi-regex/-/ansi-regex-2.0.0.tgz",
                  "integrity": "sha1-xQYbbg74qBd15Q9dZhUb9r83EQc=",
                  "dev": true
                }
              }
            },
            "strip-ansi": {
              "version": "3.0.1",
              "resolved": "https://registry.npmjs.org/strip-ansi/-/strip-ansi-3.0.1.tgz",
              "integrity": "sha1-ajhfuIU9lS1f8F0Oiq+UJ43GPc8=",
              "dev": true,
              "dependencies": {
                "ansi-regex": {
                  "version": "2.0.0",
                  "resolved": "https://registry.npmjs.org/ansi-regex/-/ansi-regex-2.0.0.tgz",
                  "integrity": "sha1-xQYbbg74qBd15Q9dZhUb9r83EQc=",
                  "dev": true
                }
              }
            },
            "supports-color": {
              "version": "2.0.0",
              "resolved": "https://registry.npmjs.org/supports-color/-/supports-color-2.0.0.tgz",
              "integrity": "sha1-U10EXOa2Nj+kARcIRimZXp3zJMc=",
              "dev": true
            }
          }
        },
        "cli-table": {
          "version": "0.3.1",
          "resolved": "https://registry.npmjs.org/cli-table/-/cli-table-0.3.1.tgz",
          "integrity": "sha1-9TsFJmqLGguTSz0IIebi3FkUriM=",
          "dev": true,
          "dependencies": {
            "colors": {
              "version": "1.0.3",
              "resolved": "https://registry.npmjs.org/colors/-/colors-1.0.3.tgz",
              "integrity": "sha1-BDP0TYCWgP3rYO0mDxsMJi6CpAs=",
              "dev": true
            }
          }
        },
        "cvss": {
          "version": "1.0.1",
          "resolved": "https://registry.npmjs.org/cvss/-/cvss-1.0.1.tgz",
          "integrity": "sha1-XAffU2FqxW1m6PR0vtJePBRhk9s=",
          "dev": true
        },
        "https-proxy-agent": {
          "version": "1.0.0",
          "resolved": "https://registry.npmjs.org/https-proxy-agent/-/https-proxy-agent-1.0.0.tgz",
          "integrity": "sha1-NffabEjOTdv6JkiRrFk+5f+GceY=",
          "dev": true,
          "dependencies": {
            "agent-base": {
              "version": "2.0.1",
              "resolved": "https://registry.npmjs.org/agent-base/-/agent-base-2.0.1.tgz",
              "integrity": "sha1-vY+ehqjrIh//oHvRS+/VXfFCgV4=",
              "dev": true,
              "dependencies": {
                "semver": {
                  "version": "5.0.3",
                  "resolved": "https://registry.npmjs.org/semver/-/semver-5.0.3.tgz",
                  "integrity": "sha1-d0Zt5YnNXTyV8TiqeLxWmjy10no=",
                  "dev": true
                }
              }
            },
            "debug": {
              "version": "2.2.0",
              "resolved": "https://registry.npmjs.org/debug/-/debug-2.2.0.tgz",
              "integrity": "sha1-+HBX6ZWxofauaklgZkE3vFbwOdo=",
              "dev": true,
              "dependencies": {
                "ms": {
                  "version": "0.7.1",
                  "resolved": "https://registry.npmjs.org/ms/-/ms-0.7.1.tgz",
                  "integrity": "sha1-nNE8A62/8ltl7/3nzoZO6VIBcJg=",
                  "dev": true
                }
              }
            },
            "extend": {
              "version": "3.0.0",
              "resolved": "https://registry.npmjs.org/extend/-/extend-3.0.0.tgz",
              "integrity": "sha1-WkdDU7nzNT3dgXbf03uRyDpG8dQ=",
              "dev": true
            }
          }
        },
        "joi": {
          "version": "6.10.1",
          "resolved": "https://registry.npmjs.org/joi/-/joi-6.10.1.tgz",
          "integrity": "sha1-TVDDGAeRIgAP5fFq8f+OGRe3fgY=",
          "dev": true,
          "dependencies": {
            "hoek": {
              "version": "2.16.3",
              "resolved": "https://registry.npmjs.org/hoek/-/hoek-2.16.3.tgz",
              "integrity": "sha1-ILt0A9POo5jpHcRxCo/xuCdKJe0=",
              "dev": true
            },
            "isemail": {
              "version": "1.2.0",
              "resolved": "https://registry.npmjs.org/isemail/-/isemail-1.2.0.tgz",
              "integrity": "sha1-vgPfjMPineTSxd9lASY/H6RZXpo=",
              "dev": true
            },
            "moment": {
              "version": "2.12.0",
              "resolved": "https://registry.npmjs.org/moment/-/moment-2.12.0.tgz",
              "integrity": "sha1-3CVg0Zg41sBzGxpq+gRnUmTTYNY=",
              "dev": true
            },
            "topo": {
              "version": "1.1.0",
              "resolved": "https://registry.npmjs.org/topo/-/topo-1.1.0.tgz",
              "integrity": "sha1-6ddRYV0buH3IZdsYL6HKCl71NtU=",
              "dev": true
            }
          }
        },
        "nodesecurity-npm-utils": {
          "version": "5.0.0",
          "resolved": "https://registry.npmjs.org/nodesecurity-npm-utils/-/nodesecurity-npm-utils-5.0.0.tgz",
          "integrity": "sha1-Baow3jDKjIRcQEjpT9eOXgi1Xtk=",
          "dev": true
        },
        "path-is-absolute": {
          "version": "1.0.0",
          "resolved": "https://registry.npmjs.org/path-is-absolute/-/path-is-absolute-1.0.0.tgz",
          "integrity": "sha1-Jj2tpmqz8vsQv3+dJN2PPlcO+RI=",
          "dev": true
        },
        "rc": {
          "version": "1.1.6",
          "resolved": "https://registry.npmjs.org/rc/-/rc-1.1.6.tgz",
          "integrity": "sha1-Q2UbdrauU7XIAvEVH6P8OwWZack=",
          "dev": true,
          "dependencies": {
            "deep-extend": {
              "version": "0.4.1",
              "resolved": "https://registry.npmjs.org/deep-extend/-/deep-extend-0.4.1.tgz",
              "integrity": "sha1-7+QRPQgIX05vlod1mBD4B0aeIlM=",
              "dev": true
            },
            "ini": {
              "version": "1.3.4",
              "resolved": "https://registry.npmjs.org/ini/-/ini-1.3.4.tgz",
              "integrity": "sha1-BTfLedr1m1mhpRff9wbIbsA5Fi4=",
              "dev": true
            },
            "minimist": {
              "version": "1.2.0",
              "resolved": "https://registry.npmjs.org/minimist/-/minimist-1.2.0.tgz",
              "integrity": "sha1-o1AIsg9BOD7sH7kU9M1d95omQoQ=",
              "dev": true
            },
            "strip-json-comments": {
              "version": "1.0.4",
              "resolved": "https://registry.npmjs.org/strip-json-comments/-/strip-json-comments-1.0.4.tgz",
              "integrity": "sha1-HhX7ysl9Pumb8tc7TGVrCCu6+5E=",
              "dev": true
            }
          }
        },
        "semver": {
          "version": "5.1.0",
          "resolved": "https://registry.npmjs.org/semver/-/semver-5.1.0.tgz",
          "integrity": "sha1-hfLPhVBGXE3wAM99hvawVBBqueU=",
          "dev": true
        },
        "subcommand": {
          "version": "2.0.3",
          "resolved": "https://registry.npmjs.org/subcommand/-/subcommand-2.0.3.tgz",
          "integrity": "sha1-mz/Rp1PjxEHwBBDLRBMdhlX1LDI=",
          "dev": true,
          "dependencies": {
            "cliclopts": {
              "version": "1.1.1",
              "resolved": "https://registry.npmjs.org/cliclopts/-/cliclopts-1.1.1.tgz",
              "integrity": "sha1-aUMcfLWvcjd0sNORG0w3USQxkQ8=",
              "dev": true
            },
            "debug": {
              "version": "2.2.0",
              "resolved": "https://registry.npmjs.org/debug/-/debug-2.2.0.tgz",
              "integrity": "sha1-+HBX6ZWxofauaklgZkE3vFbwOdo=",
              "dev": true,
              "dependencies": {
                "ms": {
                  "version": "0.7.1",
                  "resolved": "https://registry.npmjs.org/ms/-/ms-0.7.1.tgz",
                  "integrity": "sha1-nNE8A62/8ltl7/3nzoZO6VIBcJg=",
                  "dev": true
                }
              }
            },
            "minimist": {
              "version": "1.2.0",
              "resolved": "https://registry.npmjs.org/minimist/-/minimist-1.2.0.tgz",
              "integrity": "sha1-o1AIsg9BOD7sH7kU9M1d95omQoQ=",
              "dev": true
            },
            "xtend": {
              "version": "4.0.1",
              "resolved": "https://registry.npmjs.org/xtend/-/xtend-4.0.1.tgz",
              "integrity": "sha1-pcbVMr5lbiPbgg77lDofBJmNY68=",
              "dev": true
            }
          }
        },
        "wreck": {
          "version": "6.3.0",
          "resolved": "https://registry.npmjs.org/wreck/-/wreck-6.3.0.tgz",
          "integrity": "sha1-oTaXafB7u2LWo3gzanhx/Hc8dAs=",
          "dev": true,
          "dependencies": {
            "boom": {
              "version": "2.10.1",
              "resolved": "https://registry.npmjs.org/boom/-/boom-2.10.1.tgz",
              "integrity": "sha1-OciRjO/1eZ+D+UkqhI9iWt0Mdm8=",
              "dev": true
            },
            "hoek": {
              "version": "2.16.3",
              "resolved": "https://registry.npmjs.org/hoek/-/hoek-2.16.3.tgz",
              "integrity": "sha1-ILt0A9POo5jpHcRxCo/xuCdKJe0=",
              "dev": true
            }
          }
        }
      }
    }
  }
}
